
Microsoft Visual Studio Solution File, Format Version 12.00
# Visual Studio 15
VisualStudioVersion = 15.0.28307.168
MinimumVisualStudioVersion = 10.0.40219.1
Project("{FAE04EC0-301F-11D3-BF4B-00C04F79EFBC}") = "calculadora.Android", "calculadora\calculadora.Android\calculadora.Android.csproj", "{9EFB9FC6-224B-40A7-8B8C-D8A8C2B24A24}"
EndProject
Project("{FAE04EC0-301F-11D3-BF4B-00C04F79EFBC}") = "calculadora.iOS", "calculadora\calculadora.iOS\calculadora.iOS.csproj", "{8C61DC70-4F24-4C87-913A-C08A38471C76}"
EndProject
Project("{FAE04EC0-301F-11D3-BF4B-00C04F79EFBC}") = "calculadora.UWP", "calculadora\calculadora.UWP\calculadora.UWP.csproj", "{53ADCDFC-5C33-4A5B-AF3F-7EBD58D29965}"
EndProject
Project("{FAE04EC0-301F-11D3-BF4B-00C04F79EFBC}") = "calculadora", "calculadora\calculadora\calculadora.csproj", "{90B1A100-8632-4B83-B5D0-314DB342E6DD}"
EndProject
Global
	GlobalSection(SolutionConfigurationPlatforms) = preSolution
		Ad-Hoc|Any CPU = Ad-Hoc|Any CPU
		Ad-Hoc|ARM = Ad-Hoc|ARM
		Ad-Hoc|iPhone = Ad-Hoc|iPhone
		Ad-Hoc|iPhoneSimulator = Ad-Hoc|iPhoneSimulator
		Ad-Hoc|x64 = Ad-Hoc|x64
		Ad-Hoc|x86 = Ad-Hoc|x86
		AppStore|Any CPU = AppStore|Any CPU
		AppStore|ARM = AppStore|ARM
		AppStore|iPhone = AppStore|iPhone
		AppStore|iPhoneSimulator = AppStore|iPhoneSimulator
		AppStore|x64 = AppStore|x64
		AppStore|x86 = AppStore|x86
		Debug|Any CPU = Debug|Any CPU
		Debug|ARM = Debug|ARM
		Debug|iPhone = Debug|iPhone
		Debug|iPhoneSimulator = Debug|iPhoneSimulator
		Debug|x64 = Debug|x64
		Debug|x86 = Debug|x86
		Release|Any CPU = Release|Any CPU
		Release|ARM = Release|ARM
		Release|iPhone = Release|iPhone
		Release|iPhoneSimulator = Release|iPhoneSimulator
		Release|x64 = Release|x64
		Release|x86 = Release|x86
	EndGlobalSection
	GlobalSection(ProjectConfigurationPlatforms) = postSolution
		{9EFB9FC6-224B-40A7-8B8C-D8A8C2B24A24}.Ad-Hoc|Any CPU.ActiveCfg = Release|Any CPU
		{9EFB9FC6-224B-40A7-8B8C-D8A8C2B24A24}.Ad-Hoc|Any CPU.Build.0 = Release|Any CPU
		{9EFB9FC6-224B-40A7-8B8C-D8A8C2B24A24}.Ad-Hoc|Any CPU.Deploy.0 = Release|Any CPU
		{9EFB9FC6-224B-40A7-8B8C-D8A8C2B24A24}.Ad-Hoc|ARM.ActiveCfg = Release|Any CPU
		{9EFB9FC6-224B-40A7-8B8C-D8A8C2B24A24}.Ad-Hoc|ARM.Build.0 = Release|Any CPU
		{9EFB9FC6-224B-40A7-8B8C-D8A8C2B24A24}.Ad-Hoc|ARM.Deploy.0 = Release|Any CPU
		{9EFB9FC6-224B-40A7-8B8C-D8A8C2B24A24}.Ad-Hoc|iPhone.ActiveCfg = Release|Any CPU
		{9EFB9FC6-224B-40A7-8B8C-D8A8C2B24A24}.Ad-Hoc|iPhone.Build.0 = Release|Any CPU
		{9EFB9FC6-224B-40A7-8B8C-D8A8C2B24A24}.Ad-Hoc|iPhone.Deploy.0 = Release|Any CPU
		{9EFB9FC6-224B-40A7-8B8C-D8A8C2B24A24}.Ad-Hoc|iPhoneSimulator.ActiveCfg = Release|Any CPU
		{9EFB9FC6-224B-40A7-8B8C-D8A8C2B24A24}.Ad-Hoc|iPhoneSimulator.Build.0 = Release|Any CPU
		{9EFB9FC6-224B-40A7-8B8C-D8A8C2B24A24}.Ad-Hoc|iPhoneSimulator.Deploy.0 = Release|Any CPU
		{9EFB9FC6-224B-40A7-8B8C-D8A8C2B24A24}.Ad-Hoc|x64.ActiveCfg = Release|Any CPU
		{9EFB9FC6-224B-40A7-8B8C-D8A8C2B24A24}.Ad-Hoc|x64.Build.0 = Release|Any CPU
		{9EFB9FC6-224B-40A7-8B8C-D8A8C2B24A24}.Ad-Hoc|x64.Deploy.0 = Release|Any CPU
		{9EFB9FC6-224B-40A7-8B8C-D8A8C2B24A24}.Ad-Hoc|x86.ActiveCfg = Release|Any CPU
		{9EFB9FC6-224B-40A7-8B8C-D8A8C2B24A24}.Ad-Hoc|x86.Build.0 = Release|Any CPU
		{9EFB9FC6-224B-40A7-8B8C-D8A8C2B24A24}.Ad-Hoc|x86.Deploy.0 = Release|Any CPU
		{9EFB9FC6-224B-40A7-8B8C-D8A8C2B24A24}.AppStore|Any CPU.ActiveCfg = Release|Any CPU
		{9EFB9FC6-224B-40A7-8B8C-D8A8C2B24A24}.AppStore|Any CPU.Build.0 = Release|Any CPU
		{9EFB9FC6-224B-40A7-8B8C-D8A8C2B24A24}.AppStore|Any CPU.Deploy.0 = Release|Any CPU
		{9EFB9FC6-224B-40A7-8B8C-D8A8C2B24A24}.AppStore|ARM.ActiveCfg = Release|Any CPU
		{9EFB9FC6-224B-40A7-8B8C-D8A8C2B24A24}.AppStore|ARM.Build.0 = Release|Any CPU
		{9EFB9FC6-224B-40A7-8B8C-D8A8C2B24A24}.AppStore|ARM.Deploy.0 = Release|Any CPU
		{9EFB9FC6-224B-40A7-8B8C-D8A8C2B24A24}.AppStore|iPhone.ActiveCfg = Release|Any CPU
		{9EFB9FC6-224B-40A7-8B8C-D8A8C2B24A24}.AppStore|iPhone.Build.0 = Release|Any CPU
		{9EFB9FC6-224B-40A7-8B8C-D8A8C2B24A24}.AppStore|iPhone.Deploy.0 = Release|Any CPU
		{9EFB9FC6-224B-40A7-8B8C-D8A8C2B24A24}.AppStore|iPhoneSimulator.ActiveCfg = Release|Any CPU
		{9EFB9FC6-224B-40A7-8B8C-D8A8C2B24A24}.AppStore|iPhoneSimulator.Build.0 = Release|Any CPU
		{9EFB9FC6-224B-40A7-8B8C-D8A8C2B24A24}.AppStore|iPhoneSimulator.Deploy.0 = Release|Any CPU
		{9EFB9FC6-224B-40A7-8B8C-D8A8C2B24A24}.AppStore|x64.ActiveCfg = Release|Any CPU
		{9EFB9FC6-224B-40A7-8B8C-D8A8C2B24A24}.AppStore|x64.Build.0 = Release|Any CPU
		{9EFB9FC6-224B-40A7-8B8C-D8A8C2B24A24}.AppStore|x64.Deploy.0 = Release|Any CPU
		{9EFB9FC6-224B-40A7-8B8C-D8A8C2B24A24}.AppStore|x86.ActiveCfg = Release|Any CPU
		{9EFB9FC6-224B-40A7-8B8C-D8A8C2B24A24}.AppStore|x86.Build.0 = Release|Any CPU
		{9EFB9FC6-224B-40A7-8B8C-D8A8C2B24A24}.AppStore|x86.Deploy.0 = Release|Any CPU
		{9EFB9FC6-224B-40A7-8B8C-D8A8C2B24A24}.Debug|Any CPU.ActiveCfg = Debug|Any CPU
		{9EFB9FC6-224B-40A7-8B8C-D8A8C2B24A24}.Debug|Any CPU.Build.0 = Debug|Any CPU
		{9EFB9FC6-224B-40A7-8B8C-D8A8C2B24A24}.Debug|Any CPU.Deploy.0 = Debug|Any CPU
		{9EFB9FC6-224B-40A7-8B8C-D8A8C2B24A24}.Debug|ARM.ActiveCfg = Debug|Any CPU
		{9EFB9FC6-224B-40A7-8B8C-D8A8C2B24A24}.Debug|ARM.Build.0 = Debug|Any CPU
		{9EFB9FC6-224B-40A7-8B8C-D8A8C2B24A24}.Debug|ARM.Deploy.0 = Debug|Any CPU
		{9EFB9FC6-224B-40A7-8B8C-D8A8C2B24A24}.Debug|iPhone.ActiveCfg = Debug|Any CPU
		{9EFB9FC6-224B-40A7-8B8C-D8A8C2B24A24}.Debug|iPhone.Build.0 = Debug|Any CPU
		{9EFB9FC6-224B-40A7-8B8C-D8A8C2B24A24}.Debug|iPhone.Deploy.0 = Debug|Any CPU
		{9EFB9FC6-224B-40A7-8B8C-D8A8C2B24A24}.Debug|iPhoneSimulator.ActiveCfg = Debug|Any CPU
		{9EFB9FC6-224B-40A7-8B8C-D8A8C2B24A24}.Debug|iPhoneSimulator.Build.0 = Debug|Any CPU
		{9EFB9FC6-224B-40A7-8B8C-D8A8C2B24A24}.Debug|iPhoneSimulator.Deploy.0 = Debug|Any CPU
		{9EFB9FC6-224B-40A7-8B8C-D8A8C2B24A24}.Debug|x64.ActiveCfg = Debug|Any CPU
		{9EFB9FC6-224B-40A7-8B8C-D8A8C2B24A24}.Debug|x64.Build.0 = Debug|Any CPU
		{9EFB9FC6-224B-40A7-8B8C-D8A8C2B24A24}.Debug|x64.Deploy.0 = Debug|Any CPU
		{9EFB9FC6-224B-40A7-8B8C-D8A8C2B24A24}.Debug|x86.ActiveCfg = Debug|Any CPU
		{9EFB9FC6-224B-40A7-8B8C-D8A8C2B24A24}.Debug|x86.Build.0 = Debug|Any CPU
		{9EFB9FC6-224B-40A7-8B8C-D8A8C2B24A24}.Debug|x86.Deploy.0 = Debug|Any CPU
		{9EFB9FC6-224B-40A7-8B8C-D8A8C2B24A24}.Release|Any CPU.ActiveCfg = Release|Any CPU
		{9EFB9FC6-224B-40A7-8B8C-D8A8C2B24A24}.Release|Any CPU.Build.0 = Release|Any CPU
		{9EFB9FC6-224B-40A7-8B8C-D8A8C2B24A24}.Release|Any CPU.Deploy.0 = Release|Any CPU
		{9EFB9FC6-224B-40A7-8B8C-D8A8C2B24A24}.Release|ARM.ActiveCfg = Release|Any CPU
		{9EFB9FC6-224B-40A7-8B8C-D8A8C2B24A24}.Release|ARM.Build.0 = Release|Any CPU
		{9EFB9FC6-224B-40A7-8B8C-D8A8C2B24A24}.Release|ARM.Deploy.0 = Release|Any CPU
		{9EFB9FC6-224B-40A7-8B8C-D8A8C2B24A24}.Release|iPhone.ActiveCfg = Release|Any CPU
		{9EFB9FC6-224B-40A7-8B8C-D8A8C2B24A24}.Release|iPhone.Build.0 = Release|Any CPU
		{9EFB9FC6-224B-40A7-8B8C-D8A8C2B24A24}.Release|iPhone.Deploy.0 = Release|Any CPU
		{9EFB9FC6-224B-40A7-8B8C-D8A8C2B24A24}.Release|iPhoneSimulator.ActiveCfg = Release|Any CPU
		{9EFB9FC6-224B-40A7-8B8C-D8A8C2B24A24}.Release|iPhoneSimulator.Build.0 = Release|Any CPU
		{9EFB9FC6-224B-40A7-8B8C-D8A8C2B24A24}.Release|iPhoneSimulator.Deploy.0 = Release|Any CPU
		{9EFB9FC6-224B-40A7-8B8C-D8A8C2B24A24}.Release|x64.ActiveCfg = Release|Any CPU
		{9EFB9FC6-224B-40A7-8B8C-D8A8C2B24A24}.Release|x64.Build.0 = Release|Any CPU
		{9EFB9FC6-224B-40A7-8B8C-D8A8C2B24A24}.Release|x64.Deploy.0 = Release|Any CPU
		{9EFB9FC6-224B-40A7-8B8C-D8A8C2B24A24}.Release|x86.ActiveCfg = Release|Any CPU
		{9EFB9FC6-224B-40A7-8B8C-D8A8C2B24A24}.Release|x86.Build.0 = Release|Any CPU
		{9EFB9FC6-224B-40A7-8B8C-D8A8C2B24A24}.Release|x86.Deploy.0 = Release|Any CPU
		{8C61DC70-4F24-4C87-913A-C08A38471C76}.Ad-Hoc|Any CPU.ActiveCfg = Ad-Hoc|iPhone
		{8C61DC70-4F24-4C87-913A-C08A38471C76}.Ad-Hoc|Any CPU.Build.0 = Ad-Hoc|iPhone
		{8C61DC70-4F24-4C87-913A-C08A38471C76}.Ad-Hoc|Any CPU.Deploy.0 = Ad-Hoc|iPhone
		{8C61DC70-4F24-4C87-913A-C08A38471C76}.Ad-Hoc|ARM.ActiveCfg = Ad-Hoc|iPhone
		{8C61DC70-4F24-4C87-913A-C08A38471C76}.Ad-Hoc|ARM.Build.0 = Ad-Hoc|iPhone
		{8C61DC70-4F24-4C87-913A-C08A38471C76}.Ad-Hoc|ARM.Deploy.0 = Ad-Hoc|iPhone
		{8C61DC70-4F24-4C87-913A-C08A38471C76}.Ad-Hoc|iPhone.ActiveCfg = Ad-Hoc|iPhone
		{8C61DC70-4F24-4C87-913A-C08A38471C76}.Ad-Hoc|iPhone.Build.0 = Ad-Hoc|iPhone
		{8C61DC70-4F24-4C87-913A-C08A38471C76}.Ad-Hoc|iPhone.Deploy.0 = Ad-Hoc|iPhone
		{8C61DC70-4F24-4C87-913A-C08A38471C76}.Ad-Hoc|iPhoneSimulator.ActiveCfg = Ad-Hoc|iPhoneSimulator
		{8C61DC70-4F24-4C87-913A-C08A38471C76}.Ad-Hoc|iPhoneSimulator.Build.0 = Ad-Hoc|iPhoneSimulator
		{8C61DC70-4F24-4C87-913A-C08A38471C76}.Ad-Hoc|iPhoneSimulator.Deploy.0 = Ad-Hoc|iPhoneSimulator
		{8C61DC70-4F24-4C87-913A-C08A38471C76}.Ad-Hoc|x64.ActiveCfg = Ad-Hoc|iPhone
		{8C61DC70-4F24-4C87-913A-C08A38471C76}.Ad-Hoc|x64.Build.0 = Ad-Hoc|iPhone
		{8C61DC70-4F24-4C87-913A-C08A38471C76}.Ad-Hoc|x64.Deploy.0 = Ad-Hoc|iPhone
		{8C61DC70-4F24-4C87-913A-C08A38471C76}.Ad-Hoc|x86.ActiveCfg = Ad-Hoc|iPhone
		{8C61DC70-4F24-4C87-913A-C08A38471C76}.Ad-Hoc|x86.Build.0 = Ad-Hoc|iPhone
		{8C61DC70-4F24-4C87-913A-C08A38471C76}.Ad-Hoc|x86.Deploy.0 = Ad-Hoc|iPhone
		{8C61DC70-4F24-4C87-913A-C08A38471C76}.AppStore|Any CPU.ActiveCfg = AppStore|iPhone
		{8C61DC70-4F24-4C87-913A-C08A38471C76}.AppStore|Any CPU.Build.0 = AppStore|iPhone
		{8C61DC70-4F24-4C87-913A-C08A38471C76}.AppStore|Any CPU.Deploy.0 = AppStore|iPhone
		{8C61DC70-4F24-4C87-913A-C08A38471C76}.AppStore|ARM.ActiveCfg = AppStore|iPhone
		{8C61DC70-4F24-4C87-913A-C08A38471C76}.AppStore|ARM.Build.0 = AppStore|iPhone
		{8C61DC70-4F24-4C87-913A-C08A38471C76}.AppStore|ARM.Deploy.0 = AppStore|iPhone
		{8C61DC70-4F24-4C87-913A-C08A38471C76}.AppStore|iPhone.ActiveCfg = AppStore|iPhone
		{8C61DC70-4F24-4C87-913A-C08A38471C76}.AppStore|iPhone.Build.0 = AppStore|iPhone
		{8C61DC70-4F24-4C87-913A-C08A38471C76}.AppStore|iPhone.Deploy.0 = AppStore|iPhone
		{8C61DC70-4F24-4C87-913A-C08A38471C76}.AppStore|iPhoneSimulator.ActiveCfg = AppStore|iPhoneSimulator
		{8C61DC70-4F24-4C87-913A-C08A38471C76}.AppStore|iPhoneSimulator.Build.0 = AppStore|iPhoneSimulator
		{8C61DC70-4F24-4C87-913A-C08A38471C76}.AppStore|iPhoneSimulator.Deploy.0 = AppStore|iPhoneSimulator
		{8C61DC70-4F24-4C87-913A-C08A38471C76}.AppStore|x64.ActiveCfg = AppStore|iPhone
		{8C61DC70-4F24-4C87-913A-C08A38471C76}.AppStore|x64.Build.0 = AppStore|iPhone
		{8C61DC70-4F24-4C87-913A-C08A38471C76}.AppStore|x64.Deploy.0 = AppStore|iPhone
		{8C61DC70-4F24-4C87-913A-C08A38471C76}.AppStore|x86.ActiveCfg = AppStore|iPhone
		{8C61DC70-4F24-4C87-913A-C08A38471C76}.AppStore|x86.Build.0 = AppStore|iPhone
		{8C61DC70-4F24-4C87-913A-C08A38471C76}.AppStore|x86.Deploy.0 = AppStore|iPhone
		{8C61DC70-4F24-4C87-913A-C08A38471C76}.Debug|Any CPU.ActiveCfg = Debug|iPhoneSimulator
		{8C61DC70-4F24-4C87-913A-C08A38471C76}.Debug|Any CPU.Build.0 = Debug|iPhoneSimulator
		{8C61DC70-4F24-4C87-913A-C08A38471C76}.Debug|Any CPU.Deploy.0 = Debug|iPhoneSimulator
		{8C61DC70-4F24-4C87-913A-C08A38471C76}.Debug|ARM.ActiveCfg = Debug|iPhone
		{8C61DC70-4F24-4C87-913A-C08A38471C76}.Debug|ARM.Build.0 = Debug|iPhone
		{8C61DC70-4F24-4C87-913A-C08A38471C76}.Debug|ARM.Deploy.0 = Debug|iPhone
		{8C61DC70-4F24-4C87-913A-C08A38471C76}.Debug|iPhone.ActiveCfg = Debug|iPhone
		{8C61DC70-4F24-4C87-913A-C08A38471C76}.Debug|iPhone.Build.0 = Debug|iPhone
		{8C61DC70-4F24-4C87-913A-C08A38471C76}.Debug|iPhone.Deploy.0 = Debug|iPhone
		{8C61DC70-4F24-4C87-913A-C08A38471C76}.Debug|iPhoneSimulator.ActiveCfg = Debug|iPhoneSimulator
		{8C61DC70-4F24-4C87-913A-C08A38471C76}.Debug|iPhoneSimulator.Build.0 = Debug|iPhoneSimulator
		{8C61DC70-4F24-4C87-913A-C08A38471C76}.Debug|iPhoneSimulator.Deploy.0 = Debug|iPhoneSimulator
		{8C61DC70-4F24-4C87-913A-C08A38471C76}.Debug|x64.ActiveCfg = Debug|iPhone
		{8C61DC70-4F24-4C87-913A-C08A38471C76}.Debug|x64.Build.0 = Debug|iPhone
		{8C61DC70-4F24-4C87-913A-C08A38471C76}.Debug|x64.Deploy.0 = Debug|iPhone
		{8C61DC70-4F24-4C87-913A-C08A38471C76}.Debug|x86.ActiveCfg = Debug|iPhone
		{8C61DC70-4F24-4C87-913A-C08A38471C76}.Debug|x86.Build.0 = Debug|iPhone
		{8C61DC70-4F24-4C87-913A-C08A38471C76}.Debug|x86.Deploy.0 = Debug|iPhone
		{8C61DC70-4F24-4C87-913A-C08A38471C76}.Release|Any CPU.ActiveCfg = Release|iPhone
		{8C61DC70-4F24-4C87-913A-C08A38471C76}.Release|Any CPU.Build.0 = Release|iPhone
		{8C61DC70-4F24-4C87-913A-C08A38471C76}.Release|Any CPU.Deploy.0 = Release|iPhone
		{8C61DC70-4F24-4C87-913A-C08A38471C76}.Release|ARM.ActiveCfg = Release|iPhone
		{8C61DC70-4F24-4C87-913A-C08A38471C76}.Release|ARM.Build.0 = Release|iPhone
		{8C61DC70-4F24-4C87-913A-C08A38471C76}.Release|ARM.Deploy.0 = Release|iPhone
		{8C61DC70-4F24-4C87-913A-C08A38471C76}.Release|iPhone.ActiveCfg = Release|iPhone
		{8C61DC70-4F24-4C87-913A-C08A38471C76}.Release|iPhone.Build.0 = Release|iPhone
		{8C61DC70-4F24-4C87-913A-C08A38471C76}.Release|iPhone.Deploy.0 = Release|iPhone
		{8C61DC70-4F24-4C87-913A-C08A38471C76}.Release|iPhoneSimulator.ActiveCfg = Release|iPhoneSimulator
		{8C61DC70-4F24-4C87-913A-C08A38471C76}.Release|iPhoneSimulator.Build.0 = Release|iPhoneSimulator
		{8C61DC70-4F24-4C87-913A-C08A38471C76}.Release|iPhoneSimulator.Deploy.0 = Release|iPhoneSimulator
		{8C61DC70-4F24-4C87-913A-C08A38471C76}.Release|x64.ActiveCfg = Release|iPhone
		{8C61DC70-4F24-4C87-913A-C08A38471C76}.Release|x64.Build.0 = Release|iPhone
		{8C61DC70-4F24-4C87-913A-C08A38471C76}.Release|x64.Deploy.0 = Release|iPhone
		{8C61DC70-4F24-4C87-913A-C08A38471C76}.Release|x86.ActiveCfg = Release|iPhone
		{8C61DC70-4F24-4C87-913A-C08A38471C76}.Release|x86.Build.0 = Release|iPhone
		{8C61DC70-4F24-4C87-913A-C08A38471C76}.Release|x86.Deploy.0 = Release|iPhone
		{53ADCDFC-5C33-4A5B-AF3F-7EBD58D29965}.Ad-Hoc|Any CPU.ActiveCfg = Release|x86
		{53ADCDFC-5C33-4A5B-AF3F-7EBD58D29965}.Ad-Hoc|Any CPU.Build.0 = Release|x86
		{53ADCDFC-5C33-4A5B-AF3F-7EBD58D29965}.Ad-Hoc|Any CPU.Deploy.0 = Release|x86
		{53ADCDFC-5C33-4A5B-AF3F-7EBD58D29965}.Ad-Hoc|ARM.ActiveCfg = Release|ARM
		{53ADCDFC-5C33-4A5B-AF3F-7EBD58D29965}.Ad-Hoc|ARM.Build.0 = Release|ARM
		{53ADCDFC-5C33-4A5B-AF3F-7EBD58D29965}.Ad-Hoc|ARM.Deploy.0 = Release|ARM
		{53ADCDFC-5C33-4A5B-AF3F-7EBD58D29965}.Ad-Hoc|iPhone.ActiveCfg = Release|x86
		{53ADCDFC-5C33-4A5B-AF3F-7EBD58D29965}.Ad-Hoc|iPhone.Build.0 = Release|x86
		{53ADCDFC-5C33-4A5B-AF3F-7EBD58D29965}.Ad-Hoc|iPhone.Deploy.0 = Release|x86
		{53ADCDFC-5C33-4A5B-AF3F-7EBD58D29965}.Ad-Hoc|iPhoneSimulator.ActiveCfg = Release|x86
		{53ADCDFC-5C33-4A5B-AF3F-7EBD58D29965}.Ad-Hoc|iPhoneSimulator.Build.0 = Release|x86
		{53ADCDFC-5C33-4A5B-AF3F-7EBD58D29965}.Ad-Hoc|iPhoneSimulator.Deploy.0 = Release|x86
		{53ADCDFC-5C33-4A5B-AF3F-7EBD58D29965}.Ad-Hoc|x64.ActiveCfg = Release|x64
		{53ADCDFC-5C33-4A5B-AF3F-7EBD58D29965}.Ad-Hoc|x64.Build.0 = Release|x64
		{53ADCDFC-5C33-4A5B-AF3F-7EBD58D29965}.Ad-Hoc|x64.Deploy.0 = Release|x64
		{53ADCDFC-5C33-4A5B-AF3F-7EBD58D29965}.Ad-Hoc|x86.ActiveCfg = Release|x86
		{53ADCDFC-5C33-4A5B-AF3F-7EBD58D29965}.Ad-Hoc|x86.Build.0 = Release|x86
		{53ADCDFC-5C33-4A5B-AF3F-7EBD58D29965}.Ad-Hoc|x86.Deploy.0 = Release|x86
		{53ADCDFC-5C33-4A5B-AF3F-7EBD58D29965}.AppStore|Any CPU.ActiveCfg = Release|x86
		{53ADCDFC-5C33-4A5B-AF3F-7EBD58D29965}.AppStore|Any CPU.Build.0 = Release|x86
		{53ADCDFC-5C33-4A5B-AF3F-7EBD58D29965}.AppStore|Any CPU.Deploy.0 = Release|x86
		{53ADCDFC-5C33-4A5B-AF3F-7EBD58D29965}.AppStore|ARM.ActiveCfg = Release|ARM
		{53ADCDFC-5C33-4A5B-AF3F-7EBD58D29965}.AppStore|ARM.Build.0 = Release|ARM
		{53ADCDFC-5C33-4A5B-AF3F-7EBD58D29965}.AppStore|ARM.Deploy.0 = Release|ARM
		{53ADCDFC-5C33-4A5B-AF3F-7EBD58D29965}.AppStore|iPhone.ActiveCfg = Release|x86
		{53ADCDFC-5C33-4A5B-AF3F-7EBD58D29965}.AppStore|iPhone.Build.0 = Release|x86
		{53ADCDFC-5C33-4A5B-AF3F-7EBD58D29965}.AppStore|iPhone.Deploy.0 = Release|x86
		{53ADCDFC-5C33-4A5B-AF3F-7EBD58D29965}.AppStore|iPhoneSimulator.ActiveCfg = Release|x86
		{53ADCDFC-5C33-4A5B-AF3F-7EBD58D29965}.AppStore|iPhoneSimulator.Build.0 = Release|x86
		{53ADCDFC-5C33-4A5B-AF3F-7EBD58D29965}.AppStore|iPhoneSimulator.Deploy.0 = Release|x86
		{53ADCDFC-5C33-4A5B-AF3F-7EBD58D29965}.AppStore|x64.ActiveCfg = Release|x64
		{53ADCDFC-5C33-4A5B-AF3F-7EBD58D29965}.AppStore|x64.Build.0 = Release|x64
		{53ADCDFC-5C33-4A5B-AF3F-7EBD58D29965}.AppStore|x64.Deploy.0 = Release|x64
		{53ADCDFC-5C33-4A5B-AF3F-7EBD58D29965}.AppStore|x86.ActiveCfg = Release|x86
		{53ADCDFC-5C33-4A5B-AF3F-7EBD58D29965}.AppStore|x86.Build.0 = Release|x86
		{53ADCDFC-5C33-4A5B-AF3F-7EBD58D29965}.AppStore|x86.Deploy.0 = Release|x86
		{53ADCDFC-5C33-4A5B-AF3F-7EBD58D29965}.Debug|Any CPU.ActiveCfg = Debug|x86
		{53ADCDFC-5C33-4A5B-AF3F-7EBD58D29965}.Debug|Any CPU.Build.0 = Debug|x86
		{53ADCDFC-5C33-4A5B-AF3F-7EBD58D29965}.Debug|Any CPU.Deploy.0 = Debug|x86
		{53ADCDFC-5C33-4A5B-AF3F-7EBD58D29965}.Debug|ARM.ActiveCfg = Debug|ARM
		{53ADCDFC-5C33-4A5B-AF3F-7EBD58D29965}.Debug|ARM.Build.0 = Debug|ARM
		{53ADCDFC-5C33-4A5B-AF3F-7EBD58D29965}.Debug|ARM.Deploy.0 = Debug|ARM
		{53ADCDFC-5C33-4A5B-AF3F-7EBD58D29965}.Debug|iPhone.ActiveCfg = Debug|x86
		{53ADCDFC-5C33-4A5B-AF3F-7EBD58D29965}.Debug|iPhone.Build.0 = Debug|x86
		{53ADCDFC-5C33-4A5B-AF3F-7EBD58D29965}.Debug|iPhone.Deploy.0 = Debug|x86
		{53ADCDFC-5C33-4A5B-AF3F-7EBD58D29965}.Debug|iPhoneSimulator.ActiveCfg = Debug|x86
		{53ADCDFC-5C33-4A5B-AF3F-7EBD58D29965}.Debug|iPhoneSimulator.Build.0 = Debug|x86
		{53ADCDFC-5C33-4A5B-AF3F-7EBD58D29965}.Debug|iPhoneSimulator.Deploy.0 = Debug|x86
		{53ADCDFC-5C33-4A5B-AF3F-7EBD58D29965}.Debug|x64.ActiveCfg = Debug|x64
		{53ADCDFC-5C33-4A5B-AF3F-7EBD58D29965}.Debug|x64.Build.0 = Debug|x64
		{53ADCDFC-5C33-4A5B-AF3F-7EBD58D29965}.Debug|x64.Deploy.0 = Debug|x64
		{53ADCDFC-5C33-4A5B-AF3F-7EBD58D29965}.Debug|x86.ActiveCfg = Debug|x86
		{53ADCDFC-5C33-4A5B-AF3F-7EBD58D29965}.Debug|x86.Build.0 = Debug|x86
		{53ADCDFC-5C33-4A5B-AF3F-7EBD58D29965}.Debug|x86.Deploy.0 = Debug|x86
		{53ADCDFC-5C33-4A5B-AF3F-7EBD58D29965}.Release|Any CPU.ActiveCfg = Release|x86
		{53ADCDFC-5C33-4A5B-AF3F-7EBD58D29965}.Release|Any CPU.Build.0 = Release|x86
		{53ADCDFC-5C33-4A5B-AF3F-7EBD58D29965}.Release|Any CPU.Deploy.0 = Release|x86
		{53ADCDFC-5C33-4A5B-AF3F-7EBD58D29965}.Release|ARM.ActiveCfg = Release|ARM
		{53ADCDFC-5C33-4A5B-AF3F-7EBD58D29965}.Release|ARM.Build.0 = Release|ARM
		{53ADCDFC-5C33-4A5B-AF3F-7EBD58D29965}.Release|ARM.Deploy.0 = Release|ARM
		{53ADCDFC-5C33-4A5B-AF3F-7EBD58D29965}.Release|iPhone.ActiveCfg = Release|x86
		{53ADCDFC-5C33-4A5B-AF3F-7EBD58D29965}.Release|iPhone.Build.0 = Release|x86
		{53ADCDFC-5C33-4A5B-AF3F-7EBD58D29965}.Release|iPhone.Deploy.0 = Release|x86
		{53ADCDFC-5C33-4A5B-AF3F-7EBD58D29965}.Release|iPhoneSimulator.ActiveCfg = Release|x86
		{53ADCDFC-5C33-4A5B-AF3F-7EBD58D29965}.Release|iPhoneSimulator.Build.0 = Release|x86
		{53ADCDFC-5C33-4A5B-AF3F-7EBD58D29965}.Release|iPhoneSimulator.Deploy.0 = Release|x86
		{53ADCDFC-5C33-4A5B-AF3F-7EBD58D29965}.Release|x64.ActiveCfg = Release|x64
		{53ADCDFC-5C33-4A5B-AF3F-7EBD58D29965}.Release|x64.Build.0 = Release|x64
		{53ADCDFC-5C33-4A5B-AF3F-7EBD58D29965}.Release|x64.Deploy.0 = Release|x64
		{53ADCDFC-5C33-4A5B-AF3F-7EBD58D29965}.Release|x86.ActiveCfg = Release|x86
		{53ADCDFC-5C33-4A5B-AF3F-7EBD58D29965}.Release|x86.Build.0 = Release|x86
		{53ADCDFC-5C33-4A5B-AF3F-7EBD58D29965}.Release|x86.Deploy.0 = Release|x86
		{90B1A100-8632-4B83-B5D0-314DB342E6DD}.Ad-Hoc|Any CPU.ActiveCfg = Debug|Any CPU
		{90B1A100-8632-4B83-B5D0-314DB342E6DD}.Ad-Hoc|Any CPU.Build.0 = Debug|Any CPU
		{90B1A100-8632-4B83-B5D0-314DB342E6DD}.Ad-Hoc|Any CPU.Deploy.0 = Debug|Any CPU
		{90B1A100-8632-4B83-B5D0-314DB342E6DD}.Ad-Hoc|ARM.ActiveCfg = Debug|Any CPU
		{90B1A100-8632-4B83-B5D0-314DB342E6DD}.Ad-Hoc|ARM.Build.0 = Debug|Any CPU
		{90B1A100-8632-4B83-B5D0-314DB342E6DD}.Ad-Hoc|ARM.Deploy.0 = Debug|Any CPU
		{90B1A100-8632-4B83-B5D0-314DB342E6DD}.Ad-Hoc|iPhone.ActiveCfg = Debug|Any CPU
		{90B1A100-8632-4B83-B5D0-314DB342E6DD}.Ad-Hoc|iPhone.Build.0 = Debug|Any CPU
		{90B1A100-8632-4B83-B5D0-314DB342E6DD}.Ad-Hoc|iPhone.Deploy.0 = Debug|Any CPU
		{90B1A100-8632-4B83-B5D0-314DB342E6DD}.Ad-Hoc|iPhoneSimulator.ActiveCfg = Debug|Any CPU
		{90B1A100-8632-4B83-B5D0-314DB342E6DD}.Ad-Hoc|iPhoneSimulator.Build.0 = Debug|Any CPU
		{90B1A100-8632-4B83-B5D0-314DB342E6DD}.Ad-Hoc|iPhoneSimulator.Deploy.0 = Debug|Any CPU
		{90B1A100-8632-4B83-B5D0-314DB342E6DD}.Ad-Hoc|x64.ActiveCfg = Debug|Any CPU
		{90B1A100-8632-4B83-B5D0-314DB342E6DD}.Ad-Hoc|x64.Build.0 = Debug|Any CPU
		{90B1A100-8632-4B83-B5D0-314DB342E6DD}.Ad-Hoc|x64.Deploy.0 = Debug|Any CPU
		{90B1A100-8632-4B83-B5D0-314DB342E6DD}.Ad-Hoc|x86.ActiveCfg = Debug|Any CPU
		{90B1A100-8632-4B83-B5D0-314DB342E6DD}.Ad-Hoc|x86.Build.0 = Debug|Any CPU
		{90B1A100-8632-4B83-B5D0-314DB342E6DD}.Ad-Hoc|x86.Deploy.0 = Debug|Any CPU
		{90B1A100-8632-4B83-B5D0-314DB342E6DD}.AppStore|Any CPU.ActiveCfg = Debug|Any CPU
		{90B1A100-8632-4B83-B5D0-314DB342E6DD}.AppStore|Any CPU.Build.0 = Debug|Any CPU
		{90B1A100-8632-4B83-B5D0-314DB342E6DD}.AppStore|Any CPU.Deploy.0 = Debug|Any CPU
		{90B1A100-8632-4B83-B5D0-314DB342E6DD}.AppStore|ARM.ActiveCfg = Debug|Any CPU
		{90B1A100-8632-4B83-B5D0-314DB342E6DD}.AppStore|ARM.Build.0 = Debug|Any CPU
		{90B1A100-8632-4B83-B5D0-314DB342E6DD}.AppStore|ARM.Deploy.0 = Debug|Any CPU
		{90B1A100-8632-4B83-B5D0-314DB342E6DD}.AppStore|iPhone.ActiveCfg = Debug|Any CPU
		{90B1A100-8632-4B83-B5D0-314DB342E6DD}.AppStore|iPhone.Build.0 = Debug|Any CPU
		{90B1A100-8632-4B83-B5D0-314DB342E6DD}.AppStore|iPhone.Deploy.0 = Debug|Any CPU
		{90B1A100-8632-4B83-B5D0-314DB342E6DD}.AppStore|iPhoneSimulator.ActiveCfg = Debug|Any CPU
		{90B1A100-8632-4B83-B5D0-314DB342E6DD}.AppStore|iPhoneSimulator.Build.0 = Debug|Any CPU
		{90B1A100-8632-4B83-B5D0-314DB342E6DD}.AppStore|iPhoneSimulator.Deploy.0 = Debug|Any CPU
		{90B1A100-8632-4B83-B5D0-314DB342E6DD}.AppStore|x64.ActiveCfg = Debug|Any CPU
		{90B1A100-8632-4B83-B5D0-314DB342E6DD}.AppStore|x64.Build.0 = Debug|Any CPU
		{90B1A100-8632-4B83-B5D0-314DB342E6DD}.AppStore|x64.Deploy.0 = Debug|Any CPU
		{90B1A100-8632-4B83-B5D0-314DB342E6DD}.AppStore|x86.ActiveCfg = Debug|Any CPU
		{90B1A100-8632-4B83-B5D0-314DB342E6DD}.AppStore|x86.Build.0 = Debug|Any CPU
		{90B1A100-8632-4B83-B5D0-314DB342E6DD}.AppStore|x86.Deploy.0 = Debug|Any CPU
		{90B1A100-8632-4B83-B5D0-314DB342E6DD}.Debug|Any CPU.ActiveCfg = Debug|Any CPU
		{90B1A100-8632-4B83-B5D0-314DB342E6DD}.Debug|Any CPU.Build.0 = Debug|Any CPU
		{90B1A100-8632-4B83-B5D0-314DB342E6DD}.Debug|Any CPU.Deploy.0 = Debug|Any CPU
		{90B1A100-8632-4B83-B5D0-314DB342E6DD}.Debug|ARM.ActiveCfg = Debug|Any CPU
		{90B1A100-8632-4B83-B5D0-314DB342E6DD}.Debug|ARM.Build.0 = Debug|Any CPU
		{90B1A100-8632-4B83-B5D0-314DB342E6DD}.Debug|ARM.Deploy.0 = Debug|Any CPU
		{90B1A100-8632-4B83-B5D0-314DB342E6DD}.Debug|iPhone.ActiveCfg = Debug|Any CPU
		{90B1A100-8632-4B83-B5D0-314DB342E6DD}.Debug|iPhone.Build.0 = Debug|Any CPU
		{90B1A100-8632-4B83-B5D0-314DB342E6DD}.Debug|iPhone.Deploy.0 = Debug|Any CPU
		{90B1A100-8632-4B83-B5D0-314DB342E6DD}.Debug|iPhoneSimulator.ActiveCfg = Debug|Any CPU
		{90B1A100-8632-4B83-B5D0-314DB342E6DD}.Debug|iPhoneSimulator.Build.0 = Debug|Any CPU
		{90B1A100-8632-4B83-B5D0-314DB342E6DD}.Debug|iPhoneSimulator.Deploy.0 = Debug|Any CPU
		{90B1A100-8632-4B83-B5D0-314DB342E6DD}.Debug|x64.ActiveCfg = Debug|Any CPU
		{90B1A100-8632-4B83-B5D0-314DB342E6DD}.Debug|x64.Build.0 = Debug|Any CPU
		{90B1A100-8632-4B83-B5D0-314DB342E6DD}.Debug|x64.Deploy.0 = Debug|Any CPU
		{90B1A100-8632-4B83-B5D0-314DB342E6DD}.Debug|x86.ActiveCfg = Debug|Any CPU
		{90B1A100-8632-4B83-B5D0-314DB342E6DD}.Debug|x86.Build.0 = Debug|Any CPU
		{90B1A100-8632-4B83-B5D0-314DB342E6DD}.Debug|x86.Deploy.0 = Debug|Any CPU
		{90B1A100-8632-4B83-B5D0-314DB342E6DD}.Release|Any CPU.ActiveCfg = Release|Any CPU
		{90B1A100-8632-4B83-B5D0-314DB342E6DD}.Release|Any CPU.Build.0 = Release|Any CPU
		{90B1A100-8632-4B83-B5D0-314DB342E6DD}.Release|Any CPU.Deploy.0 = Release|Any CPU
		{90B1A100-8632-4B83-B5D0-314DB342E6DD}.Release|ARM.ActiveCfg = Release|Any CPU
		{90B1A100-8632-4B83-B5D0-314DB342E6DD}.Release|ARM.Build.0 = Release|Any CPU
		{90B1A100-8632-4B83-B5D0-314DB342E6DD}.Release|ARM.Deploy.0 = Release|Any CPU
		{90B1A100-8632-4B83-B5D0-314DB342E6DD}.Release|iPhone.ActiveCfg = Release|Any CPU
		{90B1A100-8632-4B83-B5D0-314DB342E6DD}.Release|iPhone.Build.0 = Release|Any CPU
		{90B1A100-8632-4B83-B5D0-314DB342E6DD}.Release|iPhone.Deploy.0 = Release|Any CPU
		{90B1A100-8632-4B83-B5D0-314DB342E6DD}.Release|iPhoneSimulator.ActiveCfg = Release|Any CPU
		{90B1A100-8632-4B83-B5D0-314DB342E6DD}.Release|iPhoneSimulator.Build.0 = Release|Any CPU
		{90B1A100-8632-4B83-B5D0-314DB342E6DD}.Release|iPhoneSimulator.Deploy.0 = Release|Any CPU
		{90B1A100-8632-4B83-B5D0-314DB342E6DD}.Release|x64.ActiveCfg = Release|Any CPU
		{90B1A100-8632-4B83-B5D0-314DB342E6DD}.Release|x64.Build.0 = Release|Any CPU
		{90B1A100-8632-4B83-B5D0-314DB342E6DD}.Release|x64.Deploy.0 = Release|Any CPU
		{90B1A100-8632-4B83-B5D0-314DB342E6DD}.Release|x86.ActiveCfg = Release|Any CPU
		{90B1A100-8632-4B83-B5D0-314DB342E6DD}.Release|x86.Build.0 = Release|Any CPU
		{90B1A100-8632-4B83-B5D0-314DB342E6DD}.Release|x86.Deploy.0 = Release|Any CPU
	EndGlobalSection
	GlobalSection(SolutionProperties) = preSolution
		HideSolutionNode = FALSE
	EndGlobalSection
	GlobalSection(ExtensibilityGlobals) = postSolution
		SolutionGuid = {BF98C590-372F-46CE-8085-9AAFEA6874C4}
	EndGlobalSection
EndGlobal
